Microsoft Visual Studio Solution File, Format Version 12.00
# Visual Studio Version 17
VisualStudioVersion = 17.5.2.0
MinimumVisualStudioVersion = 10.0.40219.1
Project("{FAE04EC0-301F-11D3-BF4B-00C04F79EFBC}") = "ConnectWithMe", "ConnectWithMe.csproj", "{27C82C30-7B74-10BE-5B16-C79C3D6CACE1}"
EndProject
Global
	GlobalSection(SolutionConfigurationPlatforms) = preSolution
		Debug|Any CPU = Debug|Any CPU
		Release|Any CPU = Release|Any CPU
	EndGlobalSection
	GlobalSection(ProjectConfigurationPlatforms) = postSolution
		{27C82C30-7B74-10BE-5B16-C79C3D6CACE1}.Debug|Any CPU.ActiveCfg = Debug|Any CPU
		{27C82C30-7B74-10BE-5B16-C79C3D6CACE1}.Debug|Any CPU.Build.0 = Debug|Any CPU
		{27C82C30-7B74-10BE-5B16-C79C3D6CACE1}.Release|Any CPU.ActiveCfg = Release|Any CPU
		{27C82C30-7B74-10BE-5B16-C79C3D6CACE1}.Release|Any CPU.Build.0 = Release|Any CPU
	EndGlobalSection
	GlobalSection(SolutionProperties) = preSolution
		HideSolutionNode = FALSE
	EndGlobalSection
	GlobalSection(ExtensibilityGlobals) = postSolution
		SolutionGuid = {1B442C59-BFEC-42FA-BC6F-2B9FDD78AC14}
	EndGlobalSection
EndGlobal
